{
  "requires": true,
  "lockfileVersion": 1,
  "dependencies": {
    "@aws-cdk/assets": {
      "version": "1.107.0",
      "resolved": "https://registry.npmjs.org/@aws-cdk/assets/-/assets-1.107.0.tgz",
      "integrity": "sha512-YIN57vqtfXwrOBUvMmIi5r9rEOt2JYvf+5BIbNG3ilMvmFDGl66buAFtAJjdEY95uJl0tPqJqC99VOGHGsY/iQ==",
      "requires": {
        "@aws-cdk/core": "1.107.0",
        "@aws-cdk/cx-api": "1.107.0",
        "constructs": "^3.3.69"
      }
    },
    "@aws-cdk/aws-apigateway": {
      "version": "1.107.0",
      "resolved": "https://registry.npmjs.org/@aws-cdk/aws-apigateway/-/aws-apigateway-1.107.0.tgz",
      "integrity": "sha512-qgVKLwRMkuDgzB6mkqIXjvGfhlgam79JTL0K9XsEpL2K/XEjDSQhyICenmPh0TLjFN/aB9X2qYRaH7BIU3u9wg==",
      "requires": {
        "@aws-cdk/aws-certificatemanager": "1.107.0",
        "@aws-cdk/aws-cloudwatch": "1.107.0",
        "@aws-cdk/aws-cognito": "1.107.0",
        "@aws-cdk/aws-ec2": "1.107.0",
        "@aws-cdk/aws-elasticloadbalancingv2": "1.107.0",
        "@aws-cdk/aws-iam": "1.107.0",
        "@aws-cdk/aws-lambda": "1.107.0",
        "@aws-cdk/aws-logs": "1.107.0",
        "@aws-cdk/aws-s3": "1.107.0",
        "@aws-cdk/aws-s3-assets": "1.107.0",
        "@aws-cdk/core": "1.107.0",
        "@aws-cdk/cx-api": "1.107.0",
        "constructs": "^3.3.69"
      }
    },
    "@aws-cdk/aws-applicationautoscaling": {
      "version": "1.107.0",
      "resolved": "https://registry.npmjs.org/@aws-cdk/aws-applicationautoscaling/-/aws-applicationautoscaling-1.107.0.tgz",
      "integrity": "sha512-Qfp+4AOaTsEDkqGRhX1tiZJ0ywZoaClA02hO+R4qOYor+4kwI+lCpdAhwBP2zuChD+1vMmlMox5dpbgI51CnVA==",
      "requires": {
        "@aws-cdk/aws-autoscaling-common": "1.107.0",
        "@aws-cdk/aws-cloudwatch": "1.107.0",
        "@aws-cdk/aws-iam": "1.107.0",
        "@aws-cdk/core": "1.107.0",
        "constructs": "^3.3.69"
      }
    },
    "@aws-cdk/aws-autoscaling-common": {
      "version": "1.107.0",
      "resolved": "https://registry.npmjs.org/@aws-cdk/aws-autoscaling-common/-/aws-autoscaling-common-1.107.0.tgz",
      "integrity": "sha512-dxAOPIFbzK+R+cJrfNmgsqxE1K9tAlgo9oc9Gruvxxzv1T4EF/aMW7VUGgxIOZkghCkq63QT9xpKSWmlQZdr9w==",
      "requires": {
        "@aws-cdk/aws-iam": "1.107.0",
        "@aws-cdk/core": "1.107.0",
        "constructs": "^3.3.69"
      }
    },
    "@aws-cdk/aws-certificatemanager": {
      "version": "1.107.0",
      "resolved": "https://registry.npmjs.org/@aws-cdk/aws-certificatemanager/-/aws-certificatemanager-1.107.0.tgz",
      "integrity": "sha512-pMeCF4CUOT0Zor7gbZF5NT54Fn50b+bTSXYTRzM9v8nXlIFpo3HJAsIpVJRGNnDdLwwEXXmRzgx7dIE4UVzouw==",
      "requires": {
        "@aws-cdk/aws-iam": "1.107.0",
        "@aws-cdk/aws-lambda": "1.107.0",
        "@aws-cdk/aws-route53": "1.107.0",
        "@aws-cdk/core": "1.107.0",
        "constructs": "^3.3.69"
      }
    },
    "@aws-cdk/aws-cloudformation": {
      "version": "1.107.0",
      "resolved": "https://registry.npmjs.org/@aws-cdk/aws-cloudformation/-/aws-cloudformation-1.107.0.tgz",
      "integrity": "sha512-n38WuGnt1vxJaKxqwALCZndlHoiO7tKD5tvI3AmEHGYt+IAjLl5cu37qVtqfNKqs9uo4cUXPrIfSMRb3/0d5CQ==",
      "requires": {
        "@aws-cdk/aws-iam": "1.107.0",
        "@aws-cdk/aws-lambda": "1.107.0",
        "@aws-cdk/aws-s3": "1.107.0",
        "@aws-cdk/aws-sns": "1.107.0",
        "@aws-cdk/core": "1.107.0",
        "@aws-cdk/cx-api": "1.107.0",
        "constructs": "^3.3.69"
      }
    },
    "@aws-cdk/aws-cloudfront": {
      "version": "1.107.0",
      "resolved": "https://registry.npmjs.org/@aws-cdk/aws-cloudfront/-/aws-cloudfront-1.107.0.tgz",
      "integrity": "sha512-92TRtZN46sQt4G8vTx7dPcUaUlLg0bLdnXSFErc2Rt0SybGPFMebu//woW79bGqYbU6Mpy0kerT3Ghk2tyizdA==",
      "requires": {
        "@aws-cdk/aws-certificatemanager": "1.107.0",
        "@aws-cdk/aws-cloudwatch": "1.107.0",
        "@aws-cdk/aws-ec2": "1.107.0",
        "@aws-cdk/aws-iam": "1.107.0",
        "@aws-cdk/aws-kms": "1.107.0",
        "@aws-cdk/aws-lambda": "1.107.0",
        "@aws-cdk/aws-s3": "1.107.0",
        "@aws-cdk/aws-ssm": "1.107.0",
        "@aws-cdk/core": "1.107.0",
        "constructs": "^3.3.69"
      }
    },
    "@aws-cdk/aws-cloudwatch": {
      "version": "1.107.0",
      "resolved": "https://registry.npmjs.org/@aws-cdk/aws-cloudwatch/-/aws-cloudwatch-1.107.0.tgz",
      "integrity": "sha512-jyq7COuuqwUJS4gMmC7jKlI9+nTOnUgv2t7Ca7QHgPj8sTdZ5YJFfqEvscYXUCmib4PsKO8aZhvB/BD6x7bGWw==",
      "requires": {
        "@aws-cdk/aws-iam": "1.107.0",
        "@aws-cdk/core": "1.107.0",
        "constructs": "^3.3.69"
      }
    },
    "@aws-cdk/aws-codeguruprofiler": {
      "version": "1.107.0",
      "resolved": "https://registry.npmjs.org/@aws-cdk/aws-codeguruprofiler/-/aws-codeguruprofiler-1.107.0.tgz",
      "integrity": "sha512-Wi6dTGnoroWJ8nzLucqhLdmE2tMKodaM1n3kmjkDWXkyPiBIp+k0sckrBBTKNXvf/xWwFJzjNH+bUfBxEYTpKg==",
      "requires": {
        "@aws-cdk/aws-iam": "1.107.0",
        "@aws-cdk/core": "1.107.0",
        "constructs": "^3.3.69"
      }
    },
    "@aws-cdk/aws-cognito": {
      "version": "1.107.0",
      "resolved": "https://registry.npmjs.org/@aws-cdk/aws-cognito/-/aws-cognito-1.107.0.tgz",
      "integrity": "sha512-MSDyvWAn1ey7uIQnwplys11M1Pjz0y/YUJjzkxi2l/4CDnzYB6LDk8vc9VMkMUIoHzaXJf0RFZx1vF8fKM5Gtg==",
      "requires": {
        "@aws-cdk/aws-certificatemanager": "1.107.0",
        "@aws-cdk/aws-iam": "1.107.0",
        "@aws-cdk/aws-lambda": "1.107.0",
        "@aws-cdk/core": "1.107.0",
        "@aws-cdk/custom-resources": "1.107.0",
        "constructs": "^3.3.69",
        "punycode": "^2.1.1"
      },
      "dependencies": {
        "punycode": {
          "version": "2.1.1",
          "bundled": true
        }
      }
    },
    "@aws-cdk/aws-dynamodb": {
      "version": "1.107.0",
      "resolved": "https://registry.npmjs.org/@aws-cdk/aws-dynamodb/-/aws-dynamodb-1.107.0.tgz",
      "integrity": "sha512-mNVATiKGjXHwtiB8034SBdd03i5josSAg3Ouoeh4arY2OLVciFxpvd/kL5wnBe/BY31QY9Pn6q6WA2+USTJAdw==",
      "requires": {
        "@aws-cdk/aws-applicationautoscaling": "1.107.0",
        "@aws-cdk/aws-cloudwatch": "1.107.0",
        "@aws-cdk/aws-iam": "1.107.0",
        "@aws-cdk/aws-kms": "1.107.0",
        "@aws-cdk/aws-lambda": "1.107.0",
        "@aws-cdk/core": "1.107.0",
        "@aws-cdk/custom-resources": "1.107.0",
        "constructs": "^3.3.69"
      }
    },
    "@aws-cdk/aws-ec2": {
      "version": "1.107.0",
      "resolved": "https://registry.npmjs.org/@aws-cdk/aws-ec2/-/aws-ec2-1.107.0.tgz",
      "integrity": "sha512-9+w6jEJJBD8U4S/OK7T67+OWFMyCCZA5XKZY3QRZjSEWizvf3dNmn2CW16l/tosJqxPFPYTJhGR0e9x7r+EEvA==",
      "requires": {
        "@aws-cdk/aws-cloudwatch": "1.107.0",
        "@aws-cdk/aws-iam": "1.107.0",
        "@aws-cdk/aws-kms": "1.107.0",
        "@aws-cdk/aws-logs": "1.107.0",
        "@aws-cdk/aws-s3": "1.107.0",
        "@aws-cdk/aws-s3-assets": "1.107.0",
        "@aws-cdk/aws-ssm": "1.107.0",
        "@aws-cdk/cloud-assembly-schema": "1.107.0",
        "@aws-cdk/core": "1.107.0",
        "@aws-cdk/cx-api": "1.107.0",
        "@aws-cdk/region-info": "1.107.0",
        "constructs": "^3.3.69"
      }
    },
    "@aws-cdk/aws-ecr": {
      "version": "1.107.0",
      "resolved": "https://registry.npmjs.org/@aws-cdk/aws-ecr/-/aws-ecr-1.107.0.tgz",
      "integrity": "sha512-CEalCKxFAIt2r50j0TdoFpOFt2EuV2dzUH6YLUCW8ywLva7RBH1wR/TlnPnqapQZqZM6ouwLQFnRgc88MTLONw==",
      "requires": {
        "@aws-cdk/aws-events": "1.107.0",
        "@aws-cdk/aws-iam": "1.107.0",
        "@aws-cdk/core": "1.107.0",
        "constructs": "^3.3.69"
      }
    },
    "@aws-cdk/aws-ecr-assets": {
      "version": "1.107.0",
      "resolved": "https://registry.npmjs.org/@aws-cdk/aws-ecr-assets/-/aws-ecr-assets-1.107.0.tgz",
      "integrity": "sha512-HFNmW12ow1FzBVdSmA76niV3lxOaowLPoS1LGRcRHTmMECZy6IpLPpY6oLK6UTvJnFWkVWtpyEnN+u6noz0w2A==",
      "requires": {
        "@aws-cdk/assets": "1.107.0",
        "@aws-cdk/aws-ecr": "1.107.0",
        "@aws-cdk/aws-iam": "1.107.0",
        "@aws-cdk/aws-s3": "1.107.0",
        "@aws-cdk/core": "1.107.0",
        "@aws-cdk/cx-api": "1.107.0",
        "constructs": "^3.3.69",
        "minimatch": "^3.0.4"
      },
      "dependencies": {
        "balanced-match": {
          "version": "1.0.2",
          "bundled": true
        },
        "brace-expansion": {
          "version": "1.1.11",
          "bundled": true,
          "requires": {
            "balanced-match": "^1.0.0",
            "concat-map": "0.0.1"
          }
        },
        "concat-map": {
          "version": "0.0.1",
          "bundled": true
        },
        "minimatch": {
          "version": "3.0.4",
          "bundled": true,
          "requires": {
            "brace-expansion": "^1.1.7"
          }
        }
      }
    },
    "@aws-cdk/aws-efs": {
      "version": "1.107.0",
      "resolved": "https://registry.npmjs.org/@aws-cdk/aws-efs/-/aws-efs-1.107.0.tgz",
      "integrity": "sha512-hrXsi5hZFYSp0PQr9V4UFBuFwLqMqupbpODJ79rhqBnvSzihd24h/njljyNIWT1ryoZjRhsCvYZu4xJXgoT5Lg==",
      "requires": {
        "@aws-cdk/aws-ec2": "1.107.0",
        "@aws-cdk/aws-kms": "1.107.0",
        "@aws-cdk/cloud-assembly-schema": "1.107.0",
        "@aws-cdk/core": "1.107.0",
        "@aws-cdk/cx-api": "1.107.0",
        "constructs": "^3.3.69"
      }
    },
    "@aws-cdk/aws-elasticloadbalancing": {
      "version": "1.107.0",
      "resolved": "https://registry.npmjs.org/@aws-cdk/aws-elasticloadbalancing/-/aws-elasticloadbalancing-1.107.0.tgz",
      "integrity": "sha512-lQd6N82e52JviMhJXcI0/q8LJmMtlg3Z9Pk+cdGxi3fj5bWIOLYqWb0SPCQbm/0jkCI9BCD71suwxj04kMiI4g==",
      "requires": {
        "@aws-cdk/aws-ec2": "1.107.0",
        "@aws-cdk/core": "1.107.0",
        "constructs": "^3.3.69"
      }
    },
    "@aws-cdk/aws-elasticloadbalancingv2": {
      "version": "1.107.0",
      "resolved": "https://registry.npmjs.org/@aws-cdk/aws-elasticloadbalancingv2/-/aws-elasticloadbalancingv2-1.107.0.tgz",
      "integrity": "sha512-j1XhQvywQGvgRpTGpdMQHRcS0USWwTvp9/B39h0ehUBbyV7jzONDd2h6Pvq9De0NHfLMPJsDTXLg116XYYI+8w==",
      "requires": {
        "@aws-cdk/aws-certificatemanager": "1.107.0",
        "@aws-cdk/aws-cloudwatch": "1.107.0",
        "@aws-cdk/aws-ec2": "1.107.0",
        "@aws-cdk/aws-iam": "1.107.0",
        "@aws-cdk/aws-lambda": "1.107.0",
        "@aws-cdk/aws-s3": "1.107.0",
        "@aws-cdk/cloud-assembly-schema": "1.107.0",
        "@aws-cdk/core": "1.107.0",
        "@aws-cdk/cx-api": "1.107.0",
        "@aws-cdk/region-info": "1.107.0",
        "constructs": "^3.3.69"
      }
    },
    "@aws-cdk/aws-events": {
      "version": "1.107.0",
      "resolved": "https://registry.npmjs.org/@aws-cdk/aws-events/-/aws-events-1.107.0.tgz",
      "integrity": "sha512-TRFuVYNbZmECPBKGO9SiAV3r0K7H4AQPEUuw3Uo34QCNPgkXMdBmjVjYIh1I9Q3TI9zC0zWsp8npKyp8raqBcA==",
      "requires": {
        "@aws-cdk/aws-iam": "1.107.0",
        "@aws-cdk/core": "1.107.0",
        "constructs": "^3.3.69"
      }
    },
    "@aws-cdk/aws-globalaccelerator": {
      "version": "1.107.0",
      "resolved": "https://registry.npmjs.org/@aws-cdk/aws-globalaccelerator/-/aws-globalaccelerator-1.107.0.tgz",
      "integrity": "sha512-mfARBd1HVA4q9Rq+bOFYrL11n8V3Dsy9mncAynuems6WN1+goF3rkWOSTYq69QtMWj4xkH9LtThs4f366WaSXg==",
      "requires": {
        "@aws-cdk/aws-ec2": "1.107.0",
        "@aws-cdk/core": "1.107.0",
        "@aws-cdk/custom-resources": "1.107.0",
        "constructs": "^3.3.69"
      }
    },
    "@aws-cdk/aws-iam": {
      "version": "1.107.0",
      "resolved": "https://registry.npmjs.org/@aws-cdk/aws-iam/-/aws-iam-1.107.0.tgz",
      "integrity": "sha512-ZSULS+IdMK82VjcxNyLATlnYN1bQVD1om8MXGYxAkFuQLb3XL+uAa7NLVeHZtEKkPYqr8BcYlCXpB1JvGImJkA==",
      "requires": {
        "@aws-cdk/core": "1.107.0",
        "@aws-cdk/region-info": "1.107.0",
        "constructs": "^3.3.69"
      }
    },
    "@aws-cdk/aws-kinesis": {
      "version": "1.107.0",
      "resolved": "https://registry.npmjs.org/@aws-cdk/aws-kinesis/-/aws-kinesis-1.107.0.tgz",
      "integrity": "sha512-ubWyaLmqK54WZvMUUgvMJ+AsRKzX7EG5xjvnoj5wYvN9bILeXUKV/I3yHMU47WluKKaDOk12wbUANK2H+sbwZg==",
      "requires": {
        "@aws-cdk/aws-cloudwatch": "1.107.0",
        "@aws-cdk/aws-iam": "1.107.0",
        "@aws-cdk/aws-kms": "1.107.0",
        "@aws-cdk/aws-logs": "1.107.0",
        "@aws-cdk/core": "1.107.0",
        "constructs": "^3.3.69"
      }
    },
    "@aws-cdk/aws-kms": {
      "version": "1.107.0",
      "resolved": "https://registry.npmjs.org/@aws-cdk/aws-kms/-/aws-kms-1.107.0.tgz",
      "integrity": "sha512-+b1j/GOeHh76lG92vRhPiyriW96e4TiZ9XVXv5sxv4zJkGD+X5oBVL82RouYJ2gw/onGiiWsobz8J/R1/h14pA==",
      "requires": {
        "@aws-cdk/aws-iam": "1.107.0",
        "@aws-cdk/core": "1.107.0",
        "@aws-cdk/cx-api": "1.107.0",
        "constructs": "^3.3.69"
      }
    },
    "@aws-cdk/aws-lambda": {
      "version": "1.107.0",
      "resolved": "https://registry.npmjs.org/@aws-cdk/aws-lambda/-/aws-lambda-1.107.0.tgz",
      "integrity": "sha512-McoQ3rjFtXDHUaq4ovU/ARwBJgQz3iq2cBogv0zg4g8AMw9doGVZnXjIYNFiCBXCQD1IUAlrLi7YhpXBDnygRA==",
      "requires": {
        "@aws-cdk/aws-applicationautoscaling": "1.107.0",
        "@aws-cdk/aws-cloudwatch": "1.107.0",
        "@aws-cdk/aws-codeguruprofiler": "1.107.0",
        "@aws-cdk/aws-ec2": "1.107.0",
        "@aws-cdk/aws-ecr": "1.107.0",
        "@aws-cdk/aws-ecr-assets": "1.107.0",
        "@aws-cdk/aws-efs": "1.107.0",
        "@aws-cdk/aws-events": "1.107.0",
        "@aws-cdk/aws-iam": "1.107.0",
        "@aws-cdk/aws-kms": "1.107.0",
        "@aws-cdk/aws-logs": "1.107.0",
        "@aws-cdk/aws-s3": "1.107.0",
        "@aws-cdk/aws-s3-assets": "1.107.0",
        "@aws-cdk/aws-signer": "1.107.0",
        "@aws-cdk/aws-sqs": "1.107.0",
        "@aws-cdk/core": "1.107.0",
        "@aws-cdk/cx-api": "1.107.0",
        "constructs": "^3.3.69"
      }
    },
    "@aws-cdk/aws-lambda-event-sources": {
      "version": "1.107.0",
      "resolved": "https://registry.npmjs.org/@aws-cdk/aws-lambda-event-sources/-/aws-lambda-event-sources-1.107.0.tgz",
      "integrity": "sha512-Hyrms0s6s22hDJnu4V1S8PgtBa6ai5IcXPOWzHWaM52txsuol56GDLVycd3Li+Y5WPW4xYZ476n9iIc11fChtQ==",
      "requires": {
        "@aws-cdk/aws-apigateway": "1.107.0",
        "@aws-cdk/aws-dynamodb": "1.107.0",
        "@aws-cdk/aws-ec2": "1.107.0",
        "@aws-cdk/aws-events": "1.107.0",
        "@aws-cdk/aws-iam": "1.107.0",
        "@aws-cdk/aws-kinesis": "1.107.0",
        "@aws-cdk/aws-lambda": "1.107.0",
        "@aws-cdk/aws-s3": "1.107.0",
        "@aws-cdk/aws-s3-notifications": "1.107.0",
        "@aws-cdk/aws-secretsmanager": "1.107.0",
        "@aws-cdk/aws-sns": "1.107.0",
        "@aws-cdk/aws-sns-subscriptions": "1.107.0",
        "@aws-cdk/aws-sqs": "1.107.0",
        "@aws-cdk/core": "1.107.0",
        "constructs": "^3.3.69"
      }
    },
    "@aws-cdk/aws-logs": {
      "version": "1.107.0",
      "resolved": "https://registry.npmjs.org/@aws-cdk/aws-logs/-/aws-logs-1.107.0.tgz",
      "integrity": "sha512-CNZHb4B2+KSmaIgC4rNFAXs+rlHRt5F4Nen/c2TtP9/E9WVZLz4WpYQWQSbV61mFEWFH0vHbihGxP8/pY44AnA==",
      "requires": {
        "@aws-cdk/aws-cloudwatch": "1.107.0",
        "@aws-cdk/aws-iam": "1.107.0",
        "@aws-cdk/aws-kms": "1.107.0",
        "@aws-cdk/aws-s3-assets": "1.107.0",
        "@aws-cdk/core": "1.107.0",
        "constructs": "^3.3.69"
      }
    },
    "@aws-cdk/aws-route53": {
      "version": "1.107.0",
      "resolved": "https://registry.npmjs.org/@aws-cdk/aws-route53/-/aws-route53-1.107.0.tgz",
      "integrity": "sha512-gvWD9VsmZV6m+7Phu4DAGpIPy8hf0rZQJIZhvLuffBpICenlDbiW2eH1h1/3O5d6/SBSYLxQ/NbZX18e/RFDGw==",
      "requires": {
        "@aws-cdk/aws-ec2": "1.107.0",
        "@aws-cdk/aws-iam": "1.107.0",
        "@aws-cdk/aws-logs": "1.107.0",
        "@aws-cdk/cloud-assembly-schema": "1.107.0",
        "@aws-cdk/core": "1.107.0",
        "@aws-cdk/custom-resources": "1.107.0",
        "constructs": "^3.3.69"
      }
    },
    "@aws-cdk/aws-route53-targets": {
      "version": "1.107.0",
      "resolved": "https://registry.npmjs.org/@aws-cdk/aws-route53-targets/-/aws-route53-targets-1.107.0.tgz",
      "integrity": "sha512-9NUUZj3fLwz+sKcGS/OplZreuzrkEEuXJBn2+zPUIB5sI1NWsRY+R/rLSKy2PchEYsN66pnLSlRlzqDKfO4pgA==",
      "requires": {
        "@aws-cdk/aws-apigateway": "1.107.0",
        "@aws-cdk/aws-cloudfront": "1.107.0",
        "@aws-cdk/aws-cognito": "1.107.0",
        "@aws-cdk/aws-ec2": "1.107.0",
        "@aws-cdk/aws-elasticloadbalancing": "1.107.0",
        "@aws-cdk/aws-elasticloadbalancingv2": "1.107.0",
        "@aws-cdk/aws-globalaccelerator": "1.107.0",
        "@aws-cdk/aws-iam": "1.107.0",
        "@aws-cdk/aws-route53": "1.107.0",
        "@aws-cdk/aws-s3": "1.107.0",
        "@aws-cdk/core": "1.107.0",
        "@aws-cdk/region-info": "1.107.0",
        "constructs": "^3.3.69"
      }
    },
    "@aws-cdk/aws-s3": {
      "version": "1.107.0",
      "resolved": "https://registry.npmjs.org/@aws-cdk/aws-s3/-/aws-s3-1.107.0.tgz",
      "integrity": "sha512-BjH9S+ZlFHoqRDRT/I8m3MFB+80F6mHASMnKHuyXoMfUs8qMos7R8XEJAprx/dMf5EwAMfFYS0IFZH21CpBlxw==",
      "requires": {
        "@aws-cdk/aws-events": "1.107.0",
        "@aws-cdk/aws-iam": "1.107.0",
        "@aws-cdk/aws-kms": "1.107.0",
        "@aws-cdk/core": "1.107.0",
        "@aws-cdk/cx-api": "1.107.0",
        "constructs": "^3.3.69"
      }
    },
    "@aws-cdk/aws-s3-assets": {
      "version": "1.107.0",
      "resolved": "https://registry.npmjs.org/@aws-cdk/aws-s3-assets/-/aws-s3-assets-1.107.0.tgz",
      "integrity": "sha512-9P4d5ADJr7XxaXdB3G4fMcEjhj7GQM3NDtikchH1XMLje8gz4Eagv6ApaqDkHaRzRe3l9VBeoc6fQHIQlWtSHQ==",
      "requires": {
        "@aws-cdk/assets": "1.107.0",
        "@aws-cdk/aws-iam": "1.107.0",
        "@aws-cdk/aws-kms": "1.107.0",
        "@aws-cdk/aws-s3": "1.107.0",
        "@aws-cdk/core": "1.107.0",
        "@aws-cdk/cx-api": "1.107.0",
        "constructs": "^3.3.69"
      }
    },
    "@aws-cdk/aws-s3-notifications": {
      "version": "1.107.0",
      "resolved": "https://registry.npmjs.org/@aws-cdk/aws-s3-notifications/-/aws-s3-notifications-1.107.0.tgz",
      "integrity": "sha512-0W9ANUj7Z5I8ZeQq8PLsAosItZSCGjentN6+rm8o9Ao5IVH60VwJUfbuvnLaz4dcRIurt8QK3B5qHieIKvZzpA==",
      "requires": {
        "@aws-cdk/aws-iam": "1.107.0",
        "@aws-cdk/aws-lambda": "1.107.0",
        "@aws-cdk/aws-s3": "1.107.0",
        "@aws-cdk/aws-sns": "1.107.0",
        "@aws-cdk/aws-sqs": "1.107.0",
        "@aws-cdk/core": "1.107.0",
        "constructs": "^3.3.69"
      }
    },
    "@aws-cdk/aws-sam": {
      "version": "1.107.0",
      "resolved": "https://registry.npmjs.org/@aws-cdk/aws-sam/-/aws-sam-1.107.0.tgz",
      "integrity": "sha512-P1YSJKmWB56p3tRDhXIa1ooFAmBbOenDUQh+QVJRChCewolaXM+pf9+bHveiHtVsur++ZptEzyR4d00DVSFeMQ==",
      "requires": {
        "@aws-cdk/core": "1.107.0",
        "constructs": "^3.3.69"
      }
    },
    "@aws-cdk/aws-secretsmanager": {
      "version": "1.107.0",
      "resolved": "https://registry.npmjs.org/@aws-cdk/aws-secretsmanager/-/aws-secretsmanager-1.107.0.tgz",
      "integrity": "sha512-Bl2fgAPKXMMcWNlJ+BBrtGLIb+EyF1ybOOb1wfKiofKNl1b/jHrH/g7mani79x5IY0NVa7pBR5IZNqlBm98GkA==",
      "requires": {
        "@aws-cdk/aws-ec2": "1.107.0",
        "@aws-cdk/aws-iam": "1.107.0",
        "@aws-cdk/aws-kms": "1.107.0",
        "@aws-cdk/aws-lambda": "1.107.0",
        "@aws-cdk/aws-sam": "1.107.0",
        "@aws-cdk/core": "1.107.0",
        "@aws-cdk/cx-api": "1.107.0",
        "constructs": "^3.3.69"
      }
    },
    "@aws-cdk/aws-signer": {
      "version": "1.107.0",
      "resolved": "https://registry.npmjs.org/@aws-cdk/aws-signer/-/aws-signer-1.107.0.tgz",
      "integrity": "sha512-1n23akqOg8osrcPcrzoZybVyA9fgWV/VzFcaSOLTUh3zxrtb5UvKdeIwMLMEaNXoyOb1PsdEwfr+0B7GB5+l3g==",
      "requires": {
        "@aws-cdk/core": "1.107.0",
        "constructs": "^3.3.69"
      }
    },
    "@aws-cdk/aws-sns": {
      "version": "1.107.0",
      "resolved": "https://registry.npmjs.org/@aws-cdk/aws-sns/-/aws-sns-1.107.0.tgz",
      "integrity": "sha512-EjRmqiP+xNbP3tZDOSOw2CtiZ56liaaFuJhccLOJTtfDKxhNN5reUdjlsU7GbteJt0ssSN2u/iU3jRXOFX8KHQ==",
      "requires": {
        "@aws-cdk/aws-cloudwatch": "1.107.0",
        "@aws-cdk/aws-events": "1.107.0",
        "@aws-cdk/aws-iam": "1.107.0",
        "@aws-cdk/aws-kms": "1.107.0",
        "@aws-cdk/aws-sqs": "1.107.0",
        "@aws-cdk/core": "1.107.0",
        "constructs": "^3.3.69"
      }
    },
    "@aws-cdk/aws-sns-subscriptions": {
      "version": "1.107.0",
      "resolved": "https://registry.npmjs.org/@aws-cdk/aws-sns-subscriptions/-/aws-sns-subscriptions-1.107.0.tgz",
      "integrity": "sha512-6ez7EMXmxip6YxT1JmE9obbF6wzgxCAUGCJkZZQId0jT320CX+oiEdCtxut1MWC2CV6ggLYNSDs+5GJVb030kQ==",
      "requires": {
        "@aws-cdk/aws-iam": "1.107.0",
        "@aws-cdk/aws-lambda": "1.107.0",
        "@aws-cdk/aws-sns": "1.107.0",
        "@aws-cdk/aws-sqs": "1.107.0",
        "@aws-cdk/core": "1.107.0",
        "constructs": "^3.3.69"
      }
    },
    "@aws-cdk/aws-sqs": {
      "version": "1.107.0",
      "resolved": "https://registry.npmjs.org/@aws-cdk/aws-sqs/-/aws-sqs-1.107.0.tgz",
      "integrity": "sha512-dcap+XhKRd/5TGy8GWSlZ+vj5iXDrYrlQROnlW5026bXCQDFvYpBO3VoSY8Pyai3VjHJUEU7DKfpkbjl7rxUpA==",
      "requires": {
        "@aws-cdk/aws-cloudwatch": "1.107.0",
        "@aws-cdk/aws-iam": "1.107.0",
        "@aws-cdk/aws-kms": "1.107.0",
        "@aws-cdk/core": "1.107.0",
        "constructs": "^3.3.69"
      }
    },
    "@aws-cdk/aws-ssm": {
      "version": "1.107.0",
      "resolved": "https://registry.npmjs.org/@aws-cdk/aws-ssm/-/aws-ssm-1.107.0.tgz",
      "integrity": "sha512-nhRLAVt8IxRAiUiTj8V9YsDRkykuwq1QlKvXglgChFkd7wtWx7JSBragp5q8rKsLzCYqqWNJ/Ofd7CQlEQamPQ==",
      "requires": {
        "@aws-cdk/aws-iam": "1.107.0",
        "@aws-cdk/aws-kms": "1.107.0",
        "@aws-cdk/cloud-assembly-schema": "1.107.0",
        "@aws-cdk/core": "1.107.0",
        "constructs": "^3.3.69"
      }
    },
    "@aws-cdk/cloud-assembly-schema": {
      "version": "1.107.0",
      "resolved": "https://registry.npmjs.org/@aws-cdk/cloud-assembly-schema/-/cloud-assembly-schema-1.107.0.tgz",
      "integrity": "sha512-z1WdnHrHGR6VF7p7Xv6MAwlr4sCGsFGGRJmk4WmvcFosOclLFKfSsxFE2w5RMmuyxLxdJmarSYF3AKOwm9mHng==",
      "requires": {
        "jsonschema": "^1.4.0",
        "semver": "^7.3.5"
      },
      "dependencies": {
        "jsonschema": {
          "version": "1.4.0",
          "bundled": true
        },
        "lru-cache": {
          "version": "6.0.0",
          "bundled": true,
          "requires": {
            "yallist": "^4.0.0"
          }
        },
        "semver": {
          "version": "7.3.5",
          "bundled": true,
          "requires": {
            "lru-cache": "^6.0.0"
          }
        },
        "yallist": {
          "version": "4.0.0",
          "bundled": true
        }
      }
    },
    "@aws-cdk/core": {
      "version": "1.107.0",
      "resolved": "https://registry.npmjs.org/@aws-cdk/core/-/core-1.107.0.tgz",
      "integrity": "sha512-yE0yU341HZWd7ee0SsMOToqz4xC3PoaDerSklxWWdgw3rgVatwP4pqrml5ZOE+q6vhPseESvNRjfZizKc7xK7w==",
      "requires": {
        "@aws-cdk/cloud-assembly-schema": "1.107.0",
        "@aws-cdk/cx-api": "1.107.0",
        "@aws-cdk/region-info": "1.107.0",
        "@balena/dockerignore": "^1.0.2",
        "constructs": "^3.3.69",
        "fs-extra": "^9.1.0",
        "ignore": "^5.1.8",
        "minimatch": "^3.0.4"
      },
      "dependencies": {
        "@balena/dockerignore": {
          "version": "1.0.2",
          "bundled": true
        },
        "at-least-node": {
          "version": "1.0.0",
          "bundled": true
        },
        "balanced-match": {
          "version": "1.0.2",
          "bundled": true
        },
        "brace-expansion": {
          "version": "1.1.11",
          "bundled": true,
          "requires": {
            "balanced-match": "^1.0.0",
            "concat-map": "0.0.1"
          }
        },
        "concat-map": {
          "version": "0.0.1",
          "bundled": true
        },
        "fs-extra": {
          "version": "9.1.0",
          "bundled": true,
          "requires": {
            "at-least-node": "^1.0.0",
            "graceful-fs": "^4.2.0",
            "jsonfile": "^6.0.1",
            "universalify": "^2.0.0"
          }
        },
        "graceful-fs": {
          "version": "4.2.6",
          "bundled": true
        },
        "ignore": {
          "version": "5.1.8",
          "bundled": true
        },
        "jsonfile": {
          "version": "6.1.0",
          "bundled": true,
          "requires": {
            "graceful-fs": "^4.1.6",
            "universalify": "^2.0.0"
          }
        },
        "minimatch": {
          "version": "3.0.4",
          "bundled": true,
          "requires": {
            "brace-expansion": "^1.1.7"
          }
        },
        "universalify": {
          "version": "2.0.0",
          "bundled": true
        }
      }
    },
    "@aws-cdk/custom-resources": {
      "version": "1.107.0",
      "resolved": "https://registry.npmjs.org/@aws-cdk/custom-resources/-/custom-resources-1.107.0.tgz",
      "integrity": "sha512-VTf1eHmNaKEl/xuf4/wUxikRZecVbp+G+NDzW1rwxvGgWl4itd5aYhIvWeW0jO99d9VyXesrxRmdiA28ahXu7g==",
      "requires": {
        "@aws-cdk/aws-cloudformation": "1.107.0",
        "@aws-cdk/aws-ec2": "1.107.0",
        "@aws-cdk/aws-iam": "1.107.0",
        "@aws-cdk/aws-lambda": "1.107.0",
        "@aws-cdk/aws-logs": "1.107.0",
        "@aws-cdk/aws-sns": "1.107.0",
        "@aws-cdk/core": "1.107.0",
        "constructs": "^3.3.69"
      }
    },
    "@aws-cdk/cx-api": {
      "version": "1.107.0",
      "resolved": "https://registry.npmjs.org/@aws-cdk/cx-api/-/cx-api-1.107.0.tgz",
      "integrity": "sha512-nNfdagY9MVrvvDGPjmdCpBaLGZeMxGAGOOUxFpWbkE7PoDRWcESVf0s2BERsIRLglPEab4eJOQ8PNIBTThSkPQ==",
      "requires": {
        "@aws-cdk/cloud-assembly-schema": "1.107.0",
        "semver": "^7.3.5"
      },
      "dependencies": {
        "lru-cache": {
          "version": "6.0.0",
          "bundled": true,
          "requires": {
            "yallist": "^4.0.0"
          }
        },
        "semver": {
          "version": "7.3.5",
          "bundled": true,
          "requires": {
            "lru-cache": "^6.0.0"
          }
        },
        "yallist": {
          "version": "4.0.0",
          "bundled": true
        }
      }
    },
    "@aws-cdk/region-info": {
      "version": "1.107.0",
      "resolved": "https://registry.npmjs.org/@aws-cdk/region-info/-/region-info-1.107.0.tgz",
      "integrity": "sha512-7ucj+0W+JfGxVyVnsYCCJUr0rBGciOJQq/7fp+Ntp76oTjJTsglC7mGiF3b0Gn65BTiJtPiZayX2L50mlJTPpA=="
    },
    "constructs": {
      "version": "3.3.75",
      "resolved": "https://registry.npmjs.org/constructs/-/constructs-3.3.75.tgz",
      "integrity": "sha512-q10foASSSfDWmS99OQLfnWDXCzqLvoORISAVWPFg0AmIGlBv2ZdDOtXxLqrJARPxVlOldmW2JzWzdRI+4+0/ZA=="
    }
  }
}
